# THIS IS AN AUTOGENERATED FILE. DO NOT EDIT THIS FILE DIRECTLY.
# yarn lockfile v1


"@types/nedb@^1.8.6":
  version "1.8.6"
  resolved "https://registry.yarnpkg.com/@types/nedb/-/nedb-1.8.6.tgz#cbb63bce2f975507452b5d6ec6b57d8f6e52052d"
  integrity sha512-q+oTznDfqMt1lEmjtABVPhXQHXmXH5EJzMXkwpO8sMauohL8k3wNZvNOxoaSVnDXi79PA4jhnTS8VGyQ9UoIWQ==

"@types/node@^10.12.18":
  version "10.12.18"
  resolved "https://registry.yarnpkg.com/@types/node/-/node-10.12.18.tgz#1d3ca764718915584fcd9f6344621b7672665c67"
  integrity sha512-fh+pAqt4xRzPfqA6eh3Z2y6fyZavRIumvjhaCL753+TVkGKGhpPeyrJG2JftD0T9q4GF00KjefsQ+PQNDdWQaQ==

any-promise@^1.0.0:
  version "1.3.0"
  resolved "https://registry.yarnpkg.com/any-promise/-/any-promise-1.3.0.tgz#abc6afeedcea52e809cdc0376aed3ce39635d17f"
  integrity sha1-q8av7tzqUugJzcA3au0845Y10X8=

async-limiter@~1.0.0:
  version "1.0.0"
  resolved "https://registry.yarnpkg.com/async-limiter/-/async-limiter-1.0.0.tgz#78faed8c3d074ab81f22b4e985d79e8738f720f8"
  integrity sha512-jp/uFnooOiO+L211eZOoSyzpOITMXx1rBITauYykG3BRYPu8h0UcxsPNB04RR5vo4Tyz3+ay17tR6JVf9qzYWg==

async@0.2.10:
  version "0.2.10"
  resolved "https://registry.yarnpkg.com/async/-/async-0.2.10.tgz#b6bbe0b0674b9d719708ca38de8c237cb526c3d1"
  integrity sha1-trvgsGdLnXGXCMo43owjfLUmw9E=

axios@^0.18.0:
  version "0.18.0"
  resolved "https://registry.yarnpkg.com/axios/-/axios-0.18.0.tgz#32d53e4851efdc0a11993b6cd000789d70c05102"
  integrity sha1-MtU+SFHv3AoRmTts0AB4nXDAUQI=
  dependencies:
    follow-redirects "^1.3.0"
    is-buffer "^1.1.5"

binary-search-tree@0.2.5:
  version "0.2.5"
  resolved "https://registry.yarnpkg.com/binary-search-tree/-/binary-search-tree-0.2.5.tgz#7dbb3b210fdca082450dad2334c304af39bdc784"
  integrity sha1-fbs7IQ/coIJFDa0jNMMErzm9x4Q=
  dependencies:
    underscore "~1.4.4"

debug@=3.1.0:
  version "3.1.0"
  resolved "https://registry.yarnpkg.com/debug/-/debug-3.1.0.tgz#5bb5a0672628b64149566ba16819e61518c67261"
  integrity sha512-OX8XqP7/1a9cqkxYw2yXss15f26NKWBpDXQd0/uK/KPqdQhxbPa994hnzjcE2VqQpDslf55723cKPUOGSmMY3g==
  dependencies:
    ms "2.0.0"

discord.js@^11.4.2:
  version "11.4.2"
  resolved "https://registry.yarnpkg.com/discord.js/-/discord.js-11.4.2.tgz#54586981926521572051f2a30b984aad2b49786e"
  integrity sha512-MDwpu0lMFTjqomijDl1Ed9miMQe6kB4ifKdP28QZllmLv/HVOJXhatRgjS8urp/wBlOfx+qAYSXcdI5cKGYsfg==
  dependencies:
    long "^4.0.0"
    prism-media "^0.0.3"
    snekfetch "^3.6.4"
    tweetnacl "^1.0.0"
    ws "^4.0.0"

follow-redirects@^1.3.0:
  version "1.6.0"
  resolved "https://registry.yarnpkg.com/follow-redirects/-/follow-redirects-1.6.0.tgz#d12452c031e8c67eb6637d861bfc7a8090167933"
  integrity sha512-4Oh4eI3S9OueVV41AgJ1oLjpaJUhbJ7JDGOMhe0AFqoSejl5Q2nn3eGglAzRUKVKZE8jG5MNn66TjCJMAnpsWA==
  dependencies:
    debug "=3.1.0"

immediate@~3.0.5:
  version "3.0.6"
  resolved "https://registry.yarnpkg.com/immediate/-/immediate-3.0.6.tgz#9db1dbd0faf8de6fbe0f5dd5e56bb606280de69b"
  integrity sha1-nbHb0Pr43m++D13V5Wu2BigN5ps=

is-buffer@^1.1.5:
  version "1.1.6"
  resolved "https://registry.yarnpkg.com/is-buffer/-/is-buffer-1.1.6.tgz#efaa2ea9daa0d7ab2ea13a97b2b8ad51fefbe8be"
  integrity sha512-NcdALwpXkTm5Zvvbk7owOUSvVvBKDgKP5/ewfXEznmQFfs4ZRmanOeKBTjRVjka3QFoN6XJ+9F3USqfHqTaU5w==

lie@3.1.1:
  version "3.1.1"
  resolved "https://registry.yarnpkg.com/lie/-/lie-3.1.1.tgz#9a436b2cc7746ca59de7a41fa469b3efb76bd87e"
  integrity sha1-mkNrLMd0bKWd56QfpGmz77dr2H4=
  dependencies:
    immediate "~3.0.5"

localforage@^1.3.0:
  version "1.7.3"
  resolved "https://registry.yarnpkg.com/localforage/-/localforage-1.7.3.tgz#0082b3ca9734679e1bd534995bdd3b24cf10f204"
  integrity sha512-1TulyYfc4udS7ECSBT2vwJksWbkwwTX8BzeUIiq8Y07Riy7bDAAnxDaPU/tWyOVmQAcWJIEIFP9lPfBGqVoPgQ==
  dependencies:
    lie "3.1.1"

long@^4.0.0:
  version "4.0.0"
  resolved "https://registry.yarnpkg.com/long/-/long-4.0.0.tgz#9a7b71cfb7d361a194ea555241c92f7468d5bf28"
  integrity sha512-XsP+KhQif4bjX1kbuSiySJFNAehNxgLb6hPRGJ9QsUr8ajHkuXGdrHmFUTUUXhDwVX2R5bY4JNZEwbUiMhV+MA==

minimist@0.0.8:
  version "0.0.8"
  resolved "https://registry.yarnpkg.com/minimist/-/minimist-0.0.8.tgz#857fcabfc3397d2625b8228262e86aa7a011b05d"
  integrity sha1-hX/Kv8M5fSYluCKCYuhqp6ARsF0=

mkdirp@~0.5.1:
  version "0.5.1"
  resolved "https://registry.yarnpkg.com/mkdirp/-/mkdirp-0.5.1.tgz#30057438eac6cf7f8c4767f38648d6697d75c903"
  integrity sha1-MAV0OOrGz3+MR2fzhkjWaX11yQM=
  dependencies:
    minimist "0.0.8"

ms@2.0.0:
  version "2.0.0"
  resolved "https://registry.yarnpkg.com/ms/-/ms-2.0.0.tgz#5608aeadfc00be6c2901df5f9861788de0d597c8"
  integrity sha1-VgiurfwAvmwpAd9fmGF4jeDVl8g=

nedb-promise@^2.0.1:
  version "2.0.1"
  resolved "https://registry.yarnpkg.com/nedb-promise/-/nedb-promise-2.0.1.tgz#839b2e4909716fdf69500b7f68b2b8722582cd65"
  integrity sha1-g5suSQlxb99pUAt/aLK4ciWCzWU=
  dependencies:
    nedb "^1.8.0"
    thenify "^3.2.0"

nedb@^1.8.0:
  version "1.8.0"
  resolved "https://registry.yarnpkg.com/nedb/-/nedb-1.8.0.tgz#0e3502cd82c004d5355a43c9e55577bd7bd91d88"
  integrity sha1-DjUCzYLABNU1WkPJ5VV3vXvZHYg=
  dependencies:
    async "0.2.10"
    binary-search-tree "0.2.5"
    localforage "^1.3.0"
    mkdirp "~0.5.1"
    underscore "~1.4.4"

prism-media@^0.0.3:
  version "0.0.3"
  resolved "https://registry.yarnpkg.com/prism-media/-/prism-media-0.0.3.tgz#8842d4fae804f099d3b48a9a38e3c2bab6f4855b"
  integrity sha512-c9KkNifSMU/iXT8FFTaBwBMr+rdVcN+H/uNv1o+CuFeTThNZNTOrQ+RgXA1yL/DeLk098duAeRPP3QNPNbhxYQ==

safe-buffer@~5.1.0:
  version "5.1.2"
  resolved "https://registry.yarnpkg.com/safe-buffer/-/safe-buffer-5.1.2.tgz#991ec69d296e0313747d59bdfd2b745c35f8828d"
  integrity sha512-Gd2UZBJDkXlY7GbJxfsE8/nvKkUEU1G38c1siN6QP6a9PT9MmHB8GnpscSmMJSoF8LOIrt8ud/wPtojys4G6+g==

snekfetch@^3.6.4:
  version "3.6.4"
  resolved "https://registry.yarnpkg.com/snekfetch/-/snekfetch-3.6.4.tgz#d13e80a616d892f3d38daae4289f4d258a645120"
  integrity sha512-NjxjITIj04Ffqid5lqr7XdgwM7X61c/Dns073Ly170bPQHLm6jkmelye/eglS++1nfTWktpP6Y2bFXjdPlQqdw==

thenify@^3.2.0:
  version "3.3.0"
  resolved "https://registry.yarnpkg.com/thenify/-/thenify-3.3.0.tgz#e69e38a1babe969b0108207978b9f62b88604839"
  integrity sha1-5p44obq+lpsBCCB5eLn2K4hgSDk=
  dependencies:
    any-promise "^1.0.0"

tweetnacl@^1.0.0:
  version "1.0.0"
  resolved "https://registry.yarnpkg.com/tweetnacl/-/tweetnacl-1.0.0.tgz#713d8b818da42068740bf68386d0479e66fc8a7b"
  integrity sha1-cT2LgY2kIGh0C/aDhtBHnmb8ins=

typescript@^3.2.2:
  version "3.2.2"
  resolved "https://registry.yarnpkg.com/typescript/-/typescript-3.2.2.tgz#fe8101c46aa123f8353523ebdcf5730c2ae493e5"
  integrity sha512-VCj5UiSyHBjwfYacmDuc/NOk4QQixbE+Wn7MFJuS0nRuPQbof132Pw4u53dm264O8LPc2MVsc7RJNml5szurkg==

underscore@~1.4.4:
  version "1.4.4"
  resolved "https://registry.yarnpkg.com/underscore/-/underscore-1.4.4.tgz#61a6a32010622afa07963bf325203cf12239d604"
  integrity sha1-YaajIBBiKvoHljvzJSA88SI51gQ=

vrchat-client@^0.2.3:
  version "0.2.3"
  resolved "https://registry.yarnpkg.com/vrchat-client/-/vrchat-client-0.2.3.tgz#43cf9149eb94512e172cf05e5f0ec816127affa7"
  integrity sha512-SMVhcXpW+AD4AANhxLJQv5NVRrykm6e3LvKmRDmxkB31uUtAyAoybXCF3HzswS095h1Ytd2klJEJidZ1VSp8RA==
  dependencies:
    axios "^0.18.0"

ws@^4.0.0:
  version "4.1.0"
  resolved "https://registry.yarnpkg.com/ws/-/ws-4.1.0.tgz#a979b5d7d4da68bf54efe0408967c324869a7289"
  integrity sha512-ZGh/8kF9rrRNffkLFV4AzhvooEclrOH0xaugmqGsIfFgOE/pIz4fMc4Ef+5HSQqTEug2S9JZIWDR47duDSLfaA==
  dependencies:
    async-limiter "~1.0.0"
    safe-buffer "~5.1.0"
